
Microsoft Visual Studio Solution File, Format Version 12.00
# Visual Studio Version 17
VisualStudioVersion = 17.11.35327.3
MinimumVisualStudioVersion = 10.0.40219.1
Project("{FAE04EC0-301F-11D3-BF4B-00C04F79EFBC}") = "MyWallet.API", "MyWallet.API\MyWallet.API.csproj", "{9E18A6FD-870A-04D2-4F0E-16153E0CD928}"
EndProject
Project("{FAE04EC0-301F-11D3-BF4B-00C04F79EFBC}") = "MyWallet.Application", "MyWallet.Application\MyWallet.Application.csproj", "{6496EE18-29F1-F98B-92B3-3A2E752CB3C4}"
EndProject
Project("{FAE04EC0-301F-11D3-BF4B-00C04F79EFBC}") = "MyWallet.Domain", "MyWallet.Domain\MyWallet.Domain.csproj", "{78BF64F5-232B-7038-F9F6-96B9FC3F56B0}"
EndProject
Project("{FAE04EC0-301F-11D3-BF4B-00C04F79EFBC}") = "MyWallet.Infrastructure", "MyWallet.Infrastructure\MyWallet.Infrastructure.csproj", "{0026ABBB-0CB7-C5EB-702B-887B4E7BA312}"
EndProject
Project("{FAE04EC0-301F-11D3-BF4B-00C04F79EFBC}") = "MyWallet.QR_Generator", "MyWallet.QR_Generator\MyWallet.QR_Generator.csproj", "{773158FF-F883-4A24-B36A-354C5A98C711}"
EndProject
Project("{FAE04EC0-301F-11D3-BF4B-00C04F79EFBC}") = "MyWallet.QR_Decoder", "MyWallet.QR_Decoder\MyWallet.QR_Decoder.csproj", "{4931ABF1-0487-4205-84CD-C1F21A7D348A}"
EndProject
Global
	GlobalSection(SolutionConfigurationPlatforms) = preSolution
		Debug|Any CPU = Debug|Any CPU
		Release|Any CPU = Release|Any CPU
	EndGlobalSection
	GlobalSection(ProjectConfigurationPlatforms) = postSolution
		{9E18A6FD-870A-04D2-4F0E-16153E0CD928}.Debug|Any CPU.ActiveCfg = Debug|Any CPU
		{9E18A6FD-870A-04D2-4F0E-16153E0CD928}.Debug|Any CPU.Build.0 = Debug|Any CPU
		{9E18A6FD-870A-04D2-4F0E-16153E0CD928}.Release|Any CPU.ActiveCfg = Release|Any CPU
		{9E18A6FD-870A-04D2-4F0E-16153E0CD928}.Release|Any CPU.Build.0 = Release|Any CPU
		{6496EE18-29F1-F98B-92B3-3A2E752CB3C4}.Debug|Any CPU.ActiveCfg = Debug|Any CPU
		{6496EE18-29F1-F98B-92B3-3A2E752CB3C4}.Debug|Any CPU.Build.0 = Debug|Any CPU
		{6496EE18-29F1-F98B-92B3-3A2E752CB3C4}.Release|Any CPU.ActiveCfg = Release|Any CPU
		{6496EE18-29F1-F98B-92B3-3A2E752CB3C4}.Release|Any CPU.Build.0 = Release|Any CPU
		{78BF64F5-232B-7038-F9F6-96B9FC3F56B0}.Debug|Any CPU.ActiveCfg = Debug|Any CPU
		{78BF64F5-232B-7038-F9F6-96B9FC3F56B0}.Debug|Any CPU.Build.0 = Debug|Any CPU
		{78BF64F5-232B-7038-F9F6-96B9FC3F56B0}.Release|Any CPU.ActiveCfg = Release|Any CPU
		{78BF64F5-232B-7038-F9F6-96B9FC3F56B0}.Release|Any CPU.Build.0 = Release|Any CPU
		{0026ABBB-0CB7-C5EB-702B-887B4E7BA312}.Debug|Any CPU.ActiveCfg = Debug|Any CPU
		{0026ABBB-0CB7-C5EB-702B-887B4E7BA312}.Debug|Any CPU.Build.0 = Debug|Any CPU
		{0026ABBB-0CB7-C5EB-702B-887B4E7BA312}.Release|Any CPU.ActiveCfg = Release|Any CPU
		{0026ABBB-0CB7-C5EB-702B-887B4E7BA312}.Release|Any CPU.Build.0 = Release|Any CPU
		{773158FF-F883-4A24-B36A-354C5A98C711}.Debug|Any CPU.ActiveCfg = Debug|Any CPU
		{773158FF-F883-4A24-B36A-354C5A98C711}.Debug|Any CPU.Build.0 = Debug|Any CPU
		{773158FF-F883-4A24-B36A-354C5A98C711}.Release|Any CPU.ActiveCfg = Release|Any CPU
		{773158FF-F883-4A24-B36A-354C5A98C711}.Release|Any CPU.Build.0 = Release|Any CPU
		{4931ABF1-0487-4205-84CD-C1F21A7D348A}.Debug|Any CPU.ActiveCfg = Debug|Any CPU
		{4931ABF1-0487-4205-84CD-C1F21A7D348A}.Debug|Any CPU.Build.0 = Debug|Any CPU
		{4931ABF1-0487-4205-84CD-C1F21A7D348A}.Release|Any CPU.ActiveCfg = Release|Any CPU
		{4931ABF1-0487-4205-84CD-C1F21A7D348A}.Release|Any CPU.Build.0 = Release|Any CPU
	EndGlobalSection
	GlobalSection(SolutionProperties) = preSolution
		HideSolutionNode = FALSE
	EndGlobalSection
	GlobalSection(ExtensibilityGlobals) = postSolution
		SolutionGuid = {31072996-73B8-4B29-BFDF-4E320ED2D47E}
	EndGlobalSection
EndGlobal
